
Microsoft Visual Studio Solution File, Format Version 12.00
# Visual Studio Version 17
VisualStudioVersion = 17.0.31903.59
MinimumVisualStudioVersion = 10.0.40219.1
Project("{FAE04EC0-301F-11D3-BF4B-00C04F79EFBC}") = "sourceconverter", "src\sourceconverter.csproj", "{0A3B8D04-65B2-45B2-8898-4724C80E1873}"
EndProject
Project("{2150E333-8FDC-42A3-9474-1A3956D46DE8}") = "test", "test", "{FB9D583B-9B99-46FF-808F-79F957D1A389}"
EndProject
Project("{FAE04EC0-301F-11D3-BF4B-00C04F79EFBC}") = "SourceConverter.Tests", "test\SourceConverterTests\SourceConverter.Tests.csproj", "{265A2486-EE9C-45BB-B0E8-DD6B74C25D53}"
EndProject
Global
	GlobalSection(SolutionConfigurationPlatforms) = preSolution
		Debug|Any CPU = Debug|Any CPU
		Release|Any CPU = Release|Any CPU
	EndGlobalSection
	GlobalSection(SolutionProperties) = preSolution
		HideSolutionNode = FALSE
	EndGlobalSection
	GlobalSection(ProjectConfigurationPlatforms) = postSolution
		{0A3B8D04-65B2-45B2-8898-4724C80E1873}.Debug|Any CPU.ActiveCfg = Debug|Any CPU
		{0A3B8D04-65B2-45B2-8898-4724C80E1873}.Debug|Any CPU.Build.0 = Debug|Any CPU
		{0A3B8D04-65B2-45B2-8898-4724C80E1873}.Release|Any CPU.ActiveCfg = Release|Any CPU
		{0A3B8D04-65B2-45B2-8898-4724C80E1873}.Release|Any CPU.Build.0 = Release|Any CPU
		{265A2486-EE9C-45BB-B0E8-DD6B74C25D53}.Debug|Any CPU.ActiveCfg = Debug|Any CPU
		{265A2486-EE9C-45BB-B0E8-DD6B74C25D53}.Debug|Any CPU.Build.0 = Debug|Any CPU
		{265A2486-EE9C-45BB-B0E8-DD6B74C25D53}.Release|Any CPU.ActiveCfg = Release|Any CPU
		{265A2486-EE9C-45BB-B0E8-DD6B74C25D53}.Release|Any CPU.Build.0 = Release|Any CPU
	EndGlobalSection
	GlobalSection(NestedProjects) = preSolution
		{265A2486-EE9C-45BB-B0E8-DD6B74C25D53} = {FB9D583B-9B99-46FF-808F-79F957D1A389}
	EndGlobalSection
EndGlobal
